
Microsoft Visual Studio Solution File, Format Version 12.00
# Visual Studio Version 17
VisualStudioVersion = 17.0.32112.339
MinimumVisualStudioVersion = 10.0.40219.1
Project("{9A19103F-16F7-4668-BE54-9A1E7A4F7556}") = "Atividade06.ConsoleApp1", "Atividade06.ConsoleApp1\Atividade06.ConsoleApp1.csproj", "{74D502C0-9D08-4CCC-9BC1-1E58B5FEB08E}"
EndProject
Project("{9A19103F-16F7-4668-BE54-9A1E7A4F7556}") = "Exercicio02", "Exercicio02\Exercicio02.csproj", "{4FF89D61-96F7-4045-99FD-A54E57FFA3F0}"
EndProject
Project("{FAE04EC0-301F-11D3-BF4B-00C04F79EFBC}") = "Exercicio03", "Exercicio03\Exercicio03.csproj", "{C7063301-40DB-4A99-98BB-D0011C95A891}"
EndProject
Project("{FAE04EC0-301F-11D3-BF4B-00C04F79EFBC}") = "Exercicio04", "Exercicio04\Exercicio04.csproj", "{088285F1-8B78-4F88-A46B-BA92600730E7}"
EndProject
Project("{FAE04EC0-301F-11D3-BF4B-00C04F79EFBC}") = "Exercicio05", "Exercicio05\Exercicio05.csproj", "{2E01D44E-E9BE-47DC-A3F2-44B0F7A268C7}"
EndProject
Global
	GlobalSection(SolutionConfigurationPlatforms) = preSolution
		Debug|Any CPU = Debug|Any CPU
		Release|Any CPU = Release|Any CPU
	EndGlobalSection
	GlobalSection(ProjectConfigurationPlatforms) = postSolution
		{74D502C0-9D08-4CCC-9BC1-1E58B5FEB08E}.Debug|Any CPU.ActiveCfg = Debug|Any CPU
		{74D502C0-9D08-4CCC-9BC1-1E58B5FEB08E}.Debug|Any CPU.Build.0 = Debug|Any CPU
		{74D502C0-9D08-4CCC-9BC1-1E58B5FEB08E}.Release|Any CPU.ActiveCfg = Release|Any CPU
		{74D502C0-9D08-4CCC-9BC1-1E58B5FEB08E}.Release|Any CPU.Build.0 = Release|Any CPU
		{4FF89D61-96F7-4045-99FD-A54E57FFA3F0}.Debug|Any CPU.ActiveCfg = Debug|Any CPU
		{4FF89D61-96F7-4045-99FD-A54E57FFA3F0}.Debug|Any CPU.Build.0 = Debug|Any CPU
		{4FF89D61-96F7-4045-99FD-A54E57FFA3F0}.Release|Any CPU.ActiveCfg = Release|Any CPU
		{4FF89D61-96F7-4045-99FD-A54E57FFA3F0}.Release|Any CPU.Build.0 = Release|Any CPU
		{C7063301-40DB-4A99-98BB-D0011C95A891}.Debug|Any CPU.ActiveCfg = Debug|Any CPU
		{C7063301-40DB-4A99-98BB-D0011C95A891}.Debug|Any CPU.Build.0 = Debug|Any CPU
		{C7063301-40DB-4A99-98BB-D0011C95A891}.Release|Any CPU.ActiveCfg = Release|Any CPU
		{C7063301-40DB-4A99-98BB-D0011C95A891}.Release|Any CPU.Build.0 = Release|Any CPU
		{088285F1-8B78-4F88-A46B-BA92600730E7}.Debug|Any CPU.ActiveCfg = Debug|Any CPU
		{088285F1-8B78-4F88-A46B-BA92600730E7}.Debug|Any CPU.Build.0 = Debug|Any CPU
		{088285F1-8B78-4F88-A46B-BA92600730E7}.Release|Any CPU.ActiveCfg = Release|Any CPU
		{088285F1-8B78-4F88-A46B-BA92600730E7}.Release|Any CPU.Build.0 = Release|Any CPU
		{2E01D44E-E9BE-47DC-A3F2-44B0F7A268C7}.Debug|Any CPU.ActiveCfg = Debug|Any CPU
		{2E01D44E-E9BE-47DC-A3F2-44B0F7A268C7}.Debug|Any CPU.Build.0 = Debug|Any CPU
		{2E01D44E-E9BE-47DC-A3F2-44B0F7A268C7}.Release|Any CPU.ActiveCfg = Release|Any CPU
		{2E01D44E-E9BE-47DC-A3F2-44B0F7A268C7}.Release|Any CPU.Build.0 = Release|Any CPU
	EndGlobalSection
	GlobalSection(SolutionProperties) = preSolution
		HideSolutionNode = FALSE
	EndGlobalSection
	GlobalSection(ExtensibilityGlobals) = postSolution
		SolutionGuid = {91A8599F-666E-4718-B569-4A262340E06C}
	EndGlobalSection
EndGlobal
